
Microsoft Visual Studio Solution File, Format Version 12.00
# Visual Studio 14
VisualStudioVersion = 14.0.25123.0
MinimumVisualStudioVersion = 10.0.40219.1
Project("{FAE04EC0-301F-11D3-BF4B-00C04F79EFBC}") = "TT_Network_Framework", "TT_Network_Framework\TT_Network_Framework.csproj", "{709E0856-C4D2-4E90-B5D7-A79AEBE2E291}"
EndProject
Project("{FAE04EC0-301F-11D3-BF4B-00C04F79EFBC}") = "TT_Network_Photon", "TT_Network_Photon\TT_Network_Photon.csproj", "{4DEBBAC1-D2F7-4AD6-9496-1EB5FB6CC4C5}"
EndProject
Global
	GlobalSection(SolutionConfigurationPlatforms) = preSolution
		Debug|Any CPU = Debug|Any CPU
		Release|Any CPU = Release|Any CPU
	EndGlobalSection
	GlobalSection(ProjectConfigurationPlatforms) = postSolution
		{709E0856-C4D2-4E90-B5D7-A79AEBE2E291}.Debug|Any CPU.ActiveCfg = Debug|Any CPU
		{709E0856-C4D2-4E90-B5D7-A79AEBE2E291}.Debug|Any CPU.Build.0 = Debug|Any CPU
		{709E0856-C4D2-4E90-B5D7-A79AEBE2E291}.Release|Any CPU.ActiveCfg = Release|Any CPU
		{709E0856-C4D2-4E90-B5D7-A79AEBE2E291}.Release|Any CPU.Build.0 = Release|Any CPU
		{4DEBBAC1-D2F7-4AD6-9496-1EB5FB6CC4C5}.Debug|Any CPU.ActiveCfg = Debug|Any CPU
		{4DEBBAC1-D2F7-4AD6-9496-1EB5FB6CC4C5}.Debug|Any CPU.Build.0 = Debug|Any CPU
		{4DEBBAC1-D2F7-4AD6-9496-1EB5FB6CC4C5}.Release|Any CPU.ActiveCfg = Release|Any CPU
		{4DEBBAC1-D2F7-4AD6-9496-1EB5FB6CC4C5}.Release|Any CPU.Build.0 = Release|Any CPU
	EndGlobalSection
	GlobalSection(SolutionProperties) = preSolution
		HideSolutionNode = FALSE
	EndGlobalSection
EndGlobal
